
Microsoft Visual Studio Solution File, Format Version 12.00
# Visual Studio 15
VisualStudioVersion = 15.0.26430.14
MinimumVisualStudioVersion = 10.0.40219.1
Project("{FAE04EC0-301F-11D3-BF4B-00C04F79EFBC}") = "at", "At\at.csproj", "{52C0A647-013F-477B-9B10-FD0C28C089CE}"
EndProject
Project("{FAE04EC0-301F-11D3-BF4B-00C04F79EFBC}") = "At.Tests", "At.Tests\At.Tests.csproj", "{D67C9095-D779-4A2A-B11E-E652A3806268}"
EndProject
Project("{2150E333-8FDC-42A3-9474-1A3956D46DE8}") = "Solution Items", "Solution Items", "{E68C56B2-B48B-49AF-9187-D432355BF3B7}"
	ProjectSection(SolutionItems) = preProject
		Resources.Designer.t4 = Resources.Designer.t4
	EndProjectSection
EndProject
Project("{FAE04EC0-301F-11D3-BF4B-00C04F79EFBC}") = "Limpl", "Limpl\Limpl.dll\Limpl.csproj", "{98D38482-79EC-46A7-8931-AFDED665AE74}"
EndProject
Project("{2150E333-8FDC-42A3-9474-1A3956D46DE8}") = "x.Limpl", "x.Limpl", "{5D2730E8-3564-45C9-B8CE-7D165845D3A4}"
EndProject
Global
	GlobalSection(SolutionConfigurationPlatforms) = preSolution
		Debug|Any CPU = Debug|Any CPU
		Release|Any CPU = Release|Any CPU
	EndGlobalSection
	GlobalSection(ProjectConfigurationPlatforms) = postSolution
		{52C0A647-013F-477B-9B10-FD0C28C089CE}.Debug|Any CPU.ActiveCfg = Debug|Any CPU
		{52C0A647-013F-477B-9B10-FD0C28C089CE}.Debug|Any CPU.Build.0 = Debug|Any CPU
		{52C0A647-013F-477B-9B10-FD0C28C089CE}.Release|Any CPU.ActiveCfg = Release|Any CPU
		{52C0A647-013F-477B-9B10-FD0C28C089CE}.Release|Any CPU.Build.0 = Release|Any CPU
		{D67C9095-D779-4A2A-B11E-E652A3806268}.Debug|Any CPU.ActiveCfg = Debug|Any CPU
		{D67C9095-D779-4A2A-B11E-E652A3806268}.Debug|Any CPU.Build.0 = Debug|Any CPU
		{D67C9095-D779-4A2A-B11E-E652A3806268}.Release|Any CPU.ActiveCfg = Release|Any CPU
		{D67C9095-D779-4A2A-B11E-E652A3806268}.Release|Any CPU.Build.0 = Release|Any CPU
		{98D38482-79EC-46A7-8931-AFDED665AE74}.Debug|Any CPU.ActiveCfg = Debug|Any CPU
		{98D38482-79EC-46A7-8931-AFDED665AE74}.Debug|Any CPU.Build.0 = Debug|Any CPU
		{98D38482-79EC-46A7-8931-AFDED665AE74}.Release|Any CPU.ActiveCfg = Release|Any CPU
		{98D38482-79EC-46A7-8931-AFDED665AE74}.Release|Any CPU.Build.0 = Release|Any CPU
	EndGlobalSection
	GlobalSection(SolutionProperties) = preSolution
		HideSolutionNode = FALSE
	EndGlobalSection
	GlobalSection(NestedProjects) = preSolution
		{98D38482-79EC-46A7-8931-AFDED665AE74} = {5D2730E8-3564-45C9-B8CE-7D165845D3A4}
	EndGlobalSection
EndGlobal
